// !$*UTF8*$!
{
	archiveVersion = 1;
	classes = {
	};
	objectVersion = 77;
	objects = {

/* Begin PBXBuildFile section */
		05C553171B16F4DD968711A6 /* Pods_ElearnerApp_ElearnerAppUITests.framework in Frameworks */ = {isa = PBXBuildFile; fileRef = 47E191C7C2F41265F73E1B5C /* Pods_ElearnerApp_ElearnerAppUITests.framework */; };
		6A0715E7A907AEA9DA965CB9 /* Pods_ElearnerApp.framework in Frameworks */ = {isa = PBXBuildFile; fileRef = 7EB4A3D52D4A2473C035099F /* Pods_ElearnerApp.framework */; };
		8FA9E6DAE0F167F7DE00F4C7 /* Pods_ElearnerAppTests.framework in Frameworks */ = {isa = PBXBuildFile; fileRef = D9EBAB18648DE30BD1BE3C7D /* Pods_ElearnerAppTests.framework */; };
/* End PBXBuildFile section */

/* Begin PBXContainerItemProxy section */
		11BA33C22FE562B300B94C1F /* PBXContainerItemProxy */ = {
			isa = PBXContainerItemProxy;
			containerPortal = 11BA33A32FE562B000B94C1F /* Project object */;
			proxyType = 1;
			remoteGlobalIDString = 11BA33AA2FE562B000B94C1F;
			remoteInfo = ElearnerApp;
		};
		11BA33CC2FE562B300B94C1F /* PBXContainerItemProxy */ = {
			isa = PBXContainerItemProxy;
			containerPortal = 11BA33A32FE562B000B94C1F /* Project object */;
			proxyType = 1;
			remoteGlobalIDString = 11BA33AA2FE562B000B94C1F;
			remoteInfo = ElearnerApp;
		};
/* End PBXContainerItemProxy section */

/* Begin PBXFileReference section */
		11BA33AB2FE562B000B94C1F /* ElearnerApp.app */ = {isa = PBXFileReference; explicitFileType = wrapper.application; includeInIndex = 0; path = ElearnerApp.app; sourceTree = BUILT_PRODUCTS_DIR; };
		11BA33C12FE562B300B94C1F /* ElearnerAppTests.xctest */ = {isa = PBXFileReference; explicitFileType = wrapper.cfbundle; includeInIndex = 0; path = ElearnerAppTests.xctest; sourceTree = BUILT_PRODUCTS_DIR; };
		11BA33CB2FE562B300B94C1F /* ElearnerAppUITests.xctest */ = {isa = PBXFileReference; explicitFileType = wrapper.cfbundle; includeInIndex = 0; path = ElearnerAppUITests.xctest; sourceTree = BUILT_PRODUCTS_DIR; };
		1A2F89B752B1DDCF908EA9E5 /* Pods-ElearnerAppTests.release.xcconfig */ = {isa = PBXFileReference; includeInIndex = 1; lastKnownFileType = text.xcconfig; name = "Pods-ElearnerAppTests.release.xcconfig"; path = "Target Support Files/Pods-ElearnerAppTests/Pods-ElearnerAppTests.release.xcconfig"; sourceTree = "<group>"; };
		43321A291CDA50F65866EE1E /* Pods-ElearnerApp-ElearnerAppUITests.release.xcconfig */ = {isa = PBXFileReference; includeInIndex = 1; lastKnownFileType = text.xcconfig; name = "Pods-ElearnerApp-ElearnerAppUITests.release.xcconfig"; path = "Target Support Files/Pods-ElearnerApp-ElearnerAppUITests/Pods-ElearnerApp-ElearnerAppUITests.release.xcconfig"; sourceTree = "<group>"; };
		47E191C7C2F41265F73E1B5C /* Pods_ElearnerApp_ElearnerAppUITests.framework */ = {isa = PBXFileReference; explicitFileType = wrapper.framework; includeInIndex = 0; path = Pods_ElearnerApp_ElearnerAppUITests.framework; sourceTree = BUILT_PRODUCTS_DIR; };
		7EB4A3D52D4A2473C035099F /* Pods_ElearnerApp.framework */ = {isa = PBXFileReference; explicitFileType = wrapper.framework; includeInIndex = 0; path = Pods_ElearnerApp.framework; sourceTree = BUILT_PRODUCTS_DIR; };
		853A4BB47595880D3DDB18A3 /* Pods-ElearnerApp.release.xcconfig */ = {isa = PBXFileReference; includeInIndex = 1; lastKnownFileType = text.xcconfig; name = "Pods-ElearnerApp.release.xcconfig"; path = "Target Support Files/Pods-ElearnerApp/Pods-ElearnerApp.release.xcconfig"; sourceTree = "<group>"; };
		A578D828A23A73053836AE5F /* Pods-ElearnerAppTests.debug.xcconfig */ = {isa = PBXFileReference; includeInIndex = 1; lastKnownFileType = text.xcconfig; name = "Pods-ElearnerAppTests.debug.xcconfig"; path = "Target Support Files/Pods-ElearnerAppTests/Pods-ElearnerAppTests.debug.xcconfig"; sourceTree = "<group>"; };
		B64B703DBFE0E90CAB7D9B51 /* Pods-ElearnerApp-ElearnerAppUITests.debug.xcconfig */ = {isa = PBXFileReference; includeInIndex = 1; lastKnownFileType = text.xcconfig; name = "Pods-ElearnerApp-ElearnerAppUITests.debug.xcconfig"; path = "Target Support Files/Pods-ElearnerApp-ElearnerAppUITests/Pods-ElearnerApp-ElearnerAppUITests.debug.xcconfig"; sourceTree = "<group>"; };
		C909F1C0117E8FE97C558B4C /* Pods-ElearnerApp.debug.xcconfig */ = {isa = PBXFileReference; includeInIndex = 1; lastKnownFileType = text.xcconfig; name = "Pods-ElearnerApp.debug.xcconfig"; path = "Target Support Files/Pods-ElearnerApp/Pods-ElearnerApp.debug.xcconfig"; sourceTree = "<group>"; };
		D9EBAB18648DE30BD1BE3C7D /* Pods_ElearnerAppTests.framework */ = {isa = PBXFileReference; explicitFileType = wrapper.framework; includeInIndex = 0; path = Pods_ElearnerAppTests.framework; sourceTree = BUILT_PRODUCTS_DIR; };
/* End PBXFileReference section */

/* Begin PBXFileSystemSynchronizedBuildFileExceptionSet section */
		11BA33D32FE562B300B94C1F /* Exceptions for "ElearnerApp" folder in "ElearnerApp" target */ = {
			isa = PBXFileSystemSynchronizedBuildFileExceptionSet;
			membershipExceptions = (
				Info.plist,
			);
			target = 11BA33AA2FE562B000B94C1F /* ElearnerApp */;
		};
/* End PBXFileSystemSynchronizedBuildFileExceptionSet section */

/* Begin PBXFileSystemSynchronizedRootGroup section */
		11BA33AD2FE562B000B94C1F /* ElearnerApp */ = {
			isa = PBXFileSystemSynchronizedRootGroup;
			exceptions = (
				11BA33D32FE562B300B94C1F /* Exceptions for "ElearnerApp" folder in "ElearnerApp" target */,
			);
			path = ElearnerApp;
			sourceTree = "<group>";
		};
		11BA33C42FE562B300B94C1F /* ElearnerAppTests */ = {
			isa = PBXFileSystemSynchronizedRootGroup;
			path = ElearnerAppTests;
			sourceTree = "<group>";
		};
		11BA33CE2FE562B300B94C1F /* ElearnerAppUITests */ = {
			isa = PBXFileSystemSynchronizedRootGroup;
			path = ElearnerAppUITests;
			sourceTree = "<group>";
		};
/* End PBXFileSystemSynchronizedRootGroup section */

/* Begin PBXFrameworksBuildPhase section */
		11BA33A82FE562B000B94C1F /* Frameworks */ = {
			isa = PBXFrameworksBuildPhase;
			buildActionMask = 2147483647;
			files = (
				6A0715E7A907AEA9DA965CB9 /* Pods_ElearnerApp.framework in Frameworks */,
			);
			runOnlyForDeploymentPostprocessing = 0;
		};
		11BA33BE2FE562B300B94C1F /* Frameworks */ = {
			isa = PBXFrameworksBuildPhase;
			buildActionMask = 2147483647;
			files = (
				8FA9E6DAE0F167F7DE00F4C7 /* Pods_ElearnerAppTests.framework in Frameworks */,
			);
			runOnlyForDeploymentPostprocessing = 0;
		};
		11BA33C82FE562B300B94C1F /* Frameworks */ = {
			isa = PBXFrameworksBuildPhase;
			buildActionMask = 2147483647;
			files = (
				05C553171B16F4DD968711A6 /* Pods_ElearnerApp_ElearnerAppUITests.framework in Frameworks */,
			);
			runOnlyForDeploymentPostprocessing = 0;
		};
/* End PBXFrameworksBuildPhase section */

/* Begin PBXGroup section */
		11BA33A22FE562B000B94C1F = {
			isa = PBXGroup;
			children = (
				11BA33AD2FE562B000B94C1F /* ElearnerApp */,
				11BA33C42FE562B300B94C1F /* ElearnerAppTests */,
				11BA33CE2FE562B300B94C1F /* ElearnerAppUITests */,
				11BA33AC2FE562B000B94C1F /* Products */,
				549EAE15E4490B80816F2C5A /* Pods */,
				4B4CFA6EE0D4B8B4C8B869AA /* Frameworks */,
			);
			sourceTree = "<group>";
		};
		11BA33AC2FE562B000B94C1F /* Products */ = {
			isa = PBXGroup;
			children = (
				11BA33AB2FE562B000B94C1F /* ElearnerApp.app */,
				11BA33C12FE562B300B94C1F /* ElearnerAppTests.xctest */,
				11BA33CB2FE562B300B94C1F /* ElearnerAppUITests.xctest */,
			);
			name = Products;
			sourceTree = "<group>";
		};
		4B4CFA6EE0D4B8B4C8B869AA /* Frameworks */ = {
			isa = PBXGroup;
			children = (
				7EB4A3D52D4A2473C035099F /* Pods_ElearnerApp.framework */,
				47E191C7C2F41265F73E1B5C /* Pods_ElearnerApp_ElearnerAppUITests.framework */,
				D9EBAB18648DE30BD1BE3C7D /* Pods_ElearnerAppTests.framework */,
			);
			name = Frameworks;
			sourceTree = "<group>";
		};
		549EAE15E4490B80816F2C5A /* Pods */ = {
			isa = PBXGroup;
			children = (
				C909F1C0117E8FE97C558B4C /* Pods-ElearnerApp.debug.xcconfig */,
				853A4BB47595880D3DDB18A3 /* Pods-ElearnerApp.release.xcconfig */,
				B64B703DBFE0E90CAB7D9B51 /* Pods-ElearnerApp-ElearnerAppUITests.debug.xcconfig */,
				43321A291CDA50F65866EE1E /* Pods-ElearnerApp-ElearnerAppUITests.release.xcconfig */,
				A578D828A23A73053836AE5F /* Pods-ElearnerAppTests.debug.xcconfig */,
				1A2F89B752B1DDCF908EA9E5 /* Pods-ElearnerAppTests.release.xcconfig */,
			);
			path = Pods;
			sourceTree = "<group>";
		};
/* End PBXGroup section */

/* Begin PBXNativeTarget section */
		11BA33AA2FE562B000B94C1F /* ElearnerApp */ = {
			isa = PBXNativeTarget;
			buildConfigurationList = 11BA33D42FE562B300B94C1F /* Build configuration list for PBXNativeTarget "ElearnerApp" */;
			buildPhases = (
				1ACAB13400D3F2C47BB61BE9 /* [CP] Check Pods Manifest.lock */,
				11BA33A72FE562B000B94C1F /* Sources */,
				11BA33A82FE562B000B94C1F /* Frameworks */,
				11BA33A92FE562B000B94C1F /* Resources */,
				E8EF946989DC944AA7A95958 /* [CP] Embed Pods Frameworks */,
			);
			buildRules = (
			);
			dependencies = (
			);
			fileSystemSynchronizedGroups = (
				11BA33AD2FE562B000B94C1F /* ElearnerApp */,
			);
			name = ElearnerApp;
			productName = ElearnerApp;
			productReference = 11BA33AB2FE562B000B94C1F /* ElearnerApp.app */;
			productType = "com.apple.product-type.application";
		};
		11BA33C02FE562B300B94C1F /* ElearnerAppTests */ = {
			isa = PBXNativeTarget;
			buildConfigurationList = 11BA33D92FE562B300B94C1F /* Build configuration list for PBXNativeTarget "ElearnerAppTests" */;
			buildPhases = (
				7E915E39BDEEF150B3C771CF /* [CP] Check Pods Manifest.lock */,
				11BA33BD2FE562B300B94C1F /* Sources */,
				11BA33BE2FE562B300B94C1F /* Frameworks */,
				11BA33BF2FE562B300B94C1F /* Resources */,
			);
			buildRules = (
			);
			dependencies = (
				11BA33C32FE562B300B94C1F /* PBXTargetDependency */,
			);
			fileSystemSynchronizedGroups = (
				11BA33C42FE562B300B94C1F /* ElearnerAppTests */,
			);
			name = ElearnerAppTests;
			productName = ElearnerAppTests;
			productReference = 11BA33C12FE562B300B94C1F /* ElearnerAppTests.xctest */;
			productType = "com.apple.product-type.bundle.unit-test";
		};
		11BA33CA2FE562B300B94C1F /* ElearnerAppUITests */ = {
			isa = PBXNativeTarget;
			buildConfigurationList = 11BA33DC2FE562B300B94C1F /* Build configuration list for PBXNativeTarget "ElearnerAppUITests" */;
			buildPhases = (
				405B44018F63AEDF7193811D /* [CP] Check Pods Manifest.lock */,
				11BA33C72FE562B300B94C1F /* Sources */,
				11BA33C82FE562B300B94C1F /* Frameworks */,
				11BA33C92FE562B300B94C1F /* Resources */,
				9A11CA22472C5221929F8EC1 /* [CP] Embed Pods Frameworks */,
			);
			buildRules = (
			);
			dependencies = (
				11BA33CD2FE562B300B94C1F /* PBXTargetDependency */,
			);
			fileSystemSynchronizedGroups = (
				11BA33CE2FE562B300B94C1F /* ElearnerAppUITests */,
			);
			name = ElearnerAppUITests;
			productName = ElearnerAppUITests;
			productReference = 11BA33CB2FE562B300B94C1F /* ElearnerAppUITests.xctest */;
			productType = "com.apple.product-type.bundle.ui-testing";
		};
/* End PBXNativeTarget section */

/* Begin PBXProject section */
		11BA33A32FE562B000B94C1F /* Project object */ = {
			isa = PBXProject;
			attributes = {
				BuildIndependentTargetsInParallel = 1;
				LastSwiftUpdateCheck = 2650;
				LastUpgradeCheck = 2650;
				TargetAttributes = {
					11BA33AA2FE562B000B94C1F = {
						CreatedOnToolsVersion = 26.5;
					};
					11BA33C02FE562B300B94C1F = {
						CreatedOnToolsVersion = 26.5;
						TestTargetID = 11BA33AA2FE562B000B94C1F;
					};
					11BA33CA2FE562B300B94C1F = {
						CreatedOnToolsVersion = 26.5;
						TestTargetID = 11BA33AA2FE562B000B94C1F;
					};
				};
			};
			buildConfigurationList = 11BA33A62FE562B000B94C1F /* Build configuration list for PBXProject "ElearnerApp" */;
			developmentRegion = en;
			hasScannedForEncodings = 0;
			knownRegions = (
				en,
				Base,
			);
			mainGroup = 11BA33A22FE562B000B94C1F;
			minimizedProjectReferenceProxies = 1;
			preferredProjectObjectVersion = 77;
			productRefGroup = 11BA33AC2FE562B000B94C1F /* Products */;
			projectDirPath = "";
			projectRoot = "";
			targets = (
				11BA33AA2FE562B000B94C1F /* ElearnerApp */,
				11BA33C02FE562B300B94C1F /* ElearnerAppTests */,
				11BA33CA2FE562B300B94C1F /* ElearnerAppUITests */,
			);
		};
/* End PBXProject section */

/* Begin PBXResourcesBuildPhase section */
		11BA33A92FE562B000B94C1F /* Resources */ = {
			isa = PBXResourcesBuildPhase;
			buildActionMask = 2147483647;
			files = (
			);
			runOnlyForDeploymentPostprocessing = 0;
		};
		11BA33BF2FE562B300B94C1F /* Resources */ = {
			isa = PBXResourcesBuildPhase;
			buildActionMask = 2147483647;
			files = (
			);
			runOnlyForDeploymentPostprocessing = 0;
		};
		11BA33C92FE562B300B94C1F /* Resources */ = {
			isa = PBXResourcesBuildPhase;
			buildActionMask = 2147483647;
			files = (
			);
			runOnlyForDeploymentPostprocessing = 0;
		};
/* End PBXResourcesBuildPhase section */

/* Begin PBXShellScriptBuildPhase section */
		1ACAB13400D3F2C47BB61BE9 /* [CP] Check Pods Manifest.lock */ = {
			isa = PBXShellScriptBuildPhase;
			buildActionMask = 2147483647;
			files = (
			);
			inputFileListPaths = (
			);
			inputPaths = (
				"${PODS_PODFILE_DIR_PATH}/Podfile.lock",
				"${PODS_ROOT}/Manifest.lock",
			);
			name = "[CP] Check Pods Manifest.lock";
			outputFileListPaths = (
			);
			outputPaths = (
				"$(DERIVED_FILE_DIR)/Pods-ElearnerApp-checkManifestLockResult.txt",
			);
			runOnlyForDeploymentPostprocessing = 0;
			shellPath = /bin/sh;
			shellScript = "diff \"${PODS_PODFILE_DIR_PATH}/Podfile.lock\" \"${PODS_ROOT}/Manifest.lock\" > /dev/null\nif [ $? != 0 ] ; then\n    # print error to STDERR\n    echo \"error: The sandbox is not in sync with the Podfile.lock. Run 'pod install' or update your CocoaPods installation.\" >&2\n    exit 1\nfi\n# This output is used by Xcode 'outputs' to avoid re-running this script phase.\necho \"SUCCESS\" > \"${SCRIPT_OUTPUT_FILE_0}\"\n";
			showEnvVarsInLog = 0;
		};
		405B44018F63AEDF7193811D /* [CP] Check Pods Manifest.lock */ = {
			isa = PBXShellScriptBuildPhase;
			buildActionMask = 2147483647;
			files = (
			);
			inputFileListPaths = (
			);
			inputPaths = (
				"${PODS_PODFILE_DIR_PATH}/Podfile.lock",
				"${PODS_ROOT}/Manifest.lock",
			);
			name = "[CP] Check Pods Manifest.lock";
			outputFileListPaths = (
			);
			outputPaths = (
				"$(DERIVED_FILE_DIR)/Pods-ElearnerApp-ElearnerAppUITests-checkManifestLockResult.txt",
			);
			runOnlyForDeploymentPostprocessing = 0;
			shellPath = /bin/sh;
			shellScript = "diff \"${PODS_PODFILE_DIR_PATH}/Podfile.lock\" \"${PODS_ROOT}/Manifest.lock\" > /dev/null\nif [ $? != 0 ] ; then\n    # print error to STDERR\n    echo \"error: The sandbox is not in sync with the Podfile.lock. Run 'pod install' or update your CocoaPods installation.\" >&2\n    exit 1\nfi\n# This output is used by Xcode 'outputs' to avoid re-running this script phase.\necho \"SUCCESS\" > \"${SCRIPT_OUTPUT_FILE_0}\"\n";
			showEnvVarsInLog = 0;
		};
		7E915E39BDEEF150B3C771CF /* [CP] Check Pods Manifest.lock */ = {
			isa = PBXShellScriptBuildPhase;
			buildActionMask = 2147483647;
			files = (
			);
			inputFileListPaths = (
			);
			inputPaths = (
				"${PODS_PODFILE_DIR_PATH}/Podfile.lock",
				"${PODS_ROOT}/Manifest.lock",
			);
			name = "[CP] Check Pods Manifest.lock";
			outputFileListPaths = (
			);
			outputPaths = (
				"$(DERIVED_FILE_DIR)/Pods-ElearnerAppTests-checkManifestLockResult.txt",
			);
			runOnlyForDeploymentPostprocessing = 0;
			shellPath = /bin/sh;
			shellScript = "diff \"${PODS_PODFILE_DIR_PATH}/Podfile.lock\" \"${PODS_ROOT}/Manifest.lock\" > /dev/null\nif [ $? != 0 ] ; then\n    # print error to STDERR\n    echo \"error: The sandbox is not in sync with the Podfile.lock. Run 'pod install' or update your CocoaPods installation.\" >&2\n    exit 1\nfi\n# This output is used by Xcode 'outputs' to avoid re-running this script phase.\necho \"SUCCESS\" > \"${SCRIPT_OUTPUT_FILE_0}\"\n";
			showEnvVarsInLog = 0;
		};
		9A11CA22472C5221929F8EC1 /* [CP] Embed Pods Frameworks */ = {
			isa = PBXShellScriptBuildPhase;
			buildActionMask = 2147483647;
			files = (
			);
			inputFileListPaths = (
				"${PODS_ROOT}/Target Support Files/Pods-ElearnerApp-ElearnerAppUITests/Pods-ElearnerApp-ElearnerAppUITests-frameworks-${CONFIGURATION}-input-files.xcfilelist",
			);
			inputPaths = (
			);
			name = "[CP] Embed Pods Frameworks";
			outputFileListPaths = (
				"${PODS_ROOT}/Target Support Files/Pods-ElearnerApp-ElearnerAppUITests/Pods-ElearnerApp-ElearnerAppUITests-frameworks-${CONFIGURATION}-output-files.xcfilelist",
			);
			outputPaths = (
			);
			runOnlyForDeploymentPostprocessing = 0;
			shellPath = /bin/sh;
			shellScript = "\"${PODS_ROOT}/Target Support Files/Pods-ElearnerApp-ElearnerAppUITests/Pods-ElearnerApp-ElearnerAppUITests-frameworks.sh\"\n";
			showEnvVarsInLog = 0;
		};
		E8EF946989DC944AA7A95958 /* [CP] Embed Pods Frameworks */ = {
			isa = PBXShellScriptBuildPhase;
			buildActionMask = 2147483647;
			files = (
			);
			inputFileListPaths = (
				"${PODS_ROOT}/Target Support Files/Pods-ElearnerApp/Pods-ElearnerApp-frameworks-${CONFIGURATION}-input-files.xcfilelist",
			);
			inputPaths = (
			);
			name = "[CP] Embed Pods Frameworks";
			outputFileListPaths = (
				"${PODS_ROOT}/Target Support Files/Pods-ElearnerApp/Pods-ElearnerApp-frameworks-${CONFIGURATION}-output-files.xcfilelist",
			);
			outputPaths = (
			);
			runOnlyForDeploymentPostprocessing = 0;
			shellPath = /bin/sh;
			shellScript = "\"${PODS_ROOT}/Target Support Files/Pods-ElearnerApp/Pods-ElearnerApp-frameworks.sh\"\n";
			showEnvVarsInLog = 0;
		};
/* End PBXShellScriptBuildPhase section */

/* Begin PBXSourcesBuildPhase section */
		11BA33A72FE562B000B94C1F /* Sources */ = {
			isa = PBXSourcesBuildPhase;
			buildActionMask = 2147483647;
			files = (
			);
			runOnlyForDeploymentPostprocessing = 0;
		};
		11BA33BD2FE562B300B94C1F /* Sources */ = {
			isa = PBXSourcesBuildPhase;
			buildActionMask = 2147483647;
			files = (
			);
			runOnlyForDeploymentPostprocessing = 0;
		};
		11BA33C72FE562B300B94C1F /* Sources */ = {
			isa = PBXSourcesBuildPhase;
			buildActionMask = 2147483647;
			files = (
			);
			runOnlyForDeploymentPostprocessing = 0;
		};
/* End PBXSourcesBuildPhase section */

/* Begin PBXTargetDependency section */
		11BA33C32FE562B300B94C1F /* PBXTargetDependency */ = {
			isa = PBXTargetDependency;
			target = 11BA33AA2FE562B000B94C1F /* ElearnerApp */;
			targetProxy = 11BA33C22FE562B300B94C1F /* PBXContainerItemProxy */;
		};
		11BA33CD2FE562B300B94C1F /* PBXTargetDependency */ = {
			isa = PBXTargetDependency;
			target = 11BA33AA2FE562B000B94C1F /* ElearnerApp */;
			targetProxy = 11BA33CC2FE562B300B94C1F /* PBXContainerItemProxy */;
		};
/* End PBXTargetDependency section */

/* Begin XCBuildConfiguration section */
		11BA33D52FE562B300B94C1F /* Debug */ = {
			isa = XCBuildConfiguration;
			baseConfigurationReference = C909F1C0117E8FE97C558B4C /* Pods-ElearnerApp.debug.xcconfig */;
			buildSettings = {
				ASSETCATALOG_COMPILER_APPICON_NAME = AppIcon;
				ASSETCATALOG_COMPILER_GLOBAL_ACCENT_COLOR_NAME = AccentColor;
				CODE_SIGN_STYLE = Automatic;
				CURRENT_PROJECT_VERSION = 1;
				DEVELOPMENT_TEAM = 42J6CY5276;
				GENERATE_INFOPLIST_FILE = YES;
				INFOPLIST_FILE = ElearnerApp/Info.plist;
				INFOPLIST_KEY_UIApplicationSupportsIndirectInputEvents = YES;
				INFOPLIST_KEY_UILaunchStoryboardName = LaunchScreen;
				INFOPLIST_KEY_UIMainStoryboardFile = Main;
				INFOPLIST_KEY_UISupportedInterfaceOrientations_iPad = "UIInterfaceOrientationPortrait UIInterfaceOrientationPortraitUpsideDown UIInterfaceOrientationLandscapeLeft UIInterfaceOrientationLandscapeRight";
				INFOPLIST_KEY_UISupportedInterfaceOrientations_iPhone = "UIInterfaceOrientationPortrait UIInterfaceOrientationLandscapeLeft UIInterfaceOrientationLandscapeRight";
				LD_RUNPATH_SEARCH_PATHS = (
					"$(inherited)",
					"@executable_path/Frameworks",
				);
				MARKETING_VERSION = 1.0;
				PRODUCT_BUNDLE_IDENTIFIER = com.razorpay.demo.ElearnerApp;
				PRODUCT_NAME = "$(TARGET_NAME)";
				STRING_CATALOG_GENERATE_SYMBOLS = YES;
				SWIFT_APPROACHABLE_CONCURRENCY = YES;
				SWIFT_DEFAULT_ACTOR_ISOLATION = MainActor;
				SWIFT_EMIT_LOC_STRINGS = YES;
				SWIFT_UPCOMING_FEATURE_MEMBER_IMPORT_VISIBILITY = YES;
				SWIFT_VERSION = 5.0;
				TARGETED_DEVICE_FAMILY = "1,2";
			};
			name = Debug;
		};
		11BA33D62FE562B300B94C1F /* Release */ = {
			isa = XCBuildConfiguration;
			baseConfigurationReference = 853A4BB47595880D3DDB18A3 /* Pods-ElearnerApp.release.xcconfig */;
			buildSettings = {
				ASSETCATALOG_COMPILER_APPICON_NAME = AppIcon;
				ASSETCATALOG_COMPILER_GLOBAL_ACCENT_COLOR_NAME = AccentColor;
				CODE_SIGN_STYLE = Automatic;
				CURRENT_PROJECT_VERSION = 1;
				DEVELOPMENT_TEAM = 42J6CY5276;
				GENERATE_INFOPLIST_FILE = YES;
				INFOPLIST_FILE = ElearnerApp/Info.plist;
				INFOPLIST_KEY_UIApplicationSupportsIndirectInputEvents = YES;
				INFOPLIST_KEY_UILaunchStoryboardName = LaunchScreen;
				INFOPLIST_KEY_UIMainStoryboardFile = Main;
				INFOPLIST_KEY_UISupportedInterfaceOrientations_iPad = "UIInterfaceOrientationPortrait UIInterfaceOrientationPortraitUpsideDown UIInterfaceOrientationLandscapeLeft UIInterfaceOrientationLandscapeRight";
				INFOPLIST_KEY_UISupportedInterfaceOrientations_iPhone = "UIInterfaceOrientationPortrait UIInterfaceOrientationLandscapeLeft UIInterfaceOrientationLandscapeRight";
				LD_RUNPATH_SEARCH_PATHS = (
					"$(inherited)",
					"@executable_path/Frameworks",
				);
				MARKETING_VERSION = 1.0;
				PRODUCT_BUNDLE_IDENTIFIER = com.razorpay.demo.ElearnerApp;
				PRODUCT_NAME = "$(TARGET_NAME)";
				STRING_CATALOG_GENERATE_SYMBOLS = YES;
				SWIFT_APPROACHABLE_CONCURRENCY = YES;
				SWIFT_DEFAULT_ACTOR_ISOLATION = MainActor;
				SWIFT_EMIT_LOC_STRINGS = YES;
				SWIFT_UPCOMING_FEATURE_MEMBER_IMPORT_VISIBILITY = YES;
				SWIFT_VERSION = 5.0;
				TARGETED_DEVICE_FAMILY = "1,2";
			};
			name = Release;
		};
		11BA33D72FE562B300B94C1F /* Debug */ = {
			isa = XCBuildConfiguration;
			buildSettings = {
				ALWAYS_SEARCH_USER_PATHS = NO;
				ASSETCATALOG_COMPILER_GENERATE_SWIFT_ASSET_SYMBOL_EXTENSIONS = YES;
				CLANG_ANALYZER_NONNULL = YES;
				CLANG_ANALYZER_NUMBER_OBJECT_CONVERSION = YES_AGGRESSIVE;
				CLANG_CXX_LANGUAGE_STANDARD = "gnu++20";
				CLANG_ENABLE_MODULES = YES;
				CLANG_ENABLE_OBJC_ARC = YES;
				CLANG_ENABLE_OBJC_WEAK = YES;
				CLANG_WARN_BLOCK_CAPTURE_AUTORELEASING = YES;
				CLANG_WARN_BOOL_CONVERSION = YES;
				CLANG_WARN_COMMA = YES;
				CLANG_WARN_CONSTANT_CONVERSION = YES;
				CLANG_WARN_DEPRECATED_OBJC_IMPLEMENTATIONS = YES;
				CLANG_WARN_DIRECT_OBJC_ISA_USAGE = YES_ERROR;
				CLANG_WARN_DOCUMENTATION_COMMENTS = YES;
				CLANG_WARN_EMPTY_BODY = YES;
				CLANG_WARN_ENUM_CONVERSION = YES;
				CLANG_WARN_INFINITE_RECURSION = YES;
				CLANG_WARN_INT_CONVERSION = YES;
				CLANG_WARN_NON_LITERAL_NULL_CONVERSION = YES;
				CLANG_WARN_OBJC_IMPLICIT_RETAIN_SELF = YES;
				CLANG_WARN_OBJC_LITERAL_CONVERSION = YES;
				CLANG_WARN_OBJC_ROOT_CLASS = YES_ERROR;
				CLANG_WARN_QUOTED_INCLUDE_IN_FRAMEWORK_HEADER = YES;
				CLANG_WARN_RANGE_LOOP_ANALYSIS = YES;
				CLANG_WARN_STRICT_PROTOTYPES = YES;
				CLANG_WARN_SUSPICIOUS_MOVE = YES;
				CLANG_WARN_UNGUARDED_AVAILABILITY = YES_AGGRESSIVE;
				CLANG_WARN_UNREACHABLE_CODE = YES;
				CLANG_WARN__DUPLICATE_METHOD_MATCH = YES;
				COPY_PHASE_STRIP = NO;
				DEBUG_INFORMATION_FORMAT = dwarf;
				ENABLE_STRICT_OBJC_MSGSEND = YES;
				ENABLE_TESTABILITY = YES;
				ENABLE_USER_SCRIPT_SANDBOXING = NO;
				GCC_C_LANGUAGE_STANDARD = gnu17;
				GCC_DYNAMIC_NO_PIC = NO;
				GCC_NO_COMMON_BLOCKS = YES;
				GCC_OPTIMIZATION_LEVEL = 0;
				GCC_PREPROCESSOR_DEFINITIONS = (
					"DEBUG=1",
					"$(inherited)",
				);
				GCC_WARN_64_TO_32_BIT_CONVERSION = YES;
				GCC_WARN_ABOUT_RETURN_TYPE = YES_ERROR;
				GCC_WARN_UNDECLARED_SELECTOR = YES;
				GCC_WARN_UNINITIALIZED_AUTOS = YES_AGGRESSIVE;
				GCC_WARN_UNUSED_FUNCTION = YES;
				GCC_WARN_UNUSED_VARIABLE = YES;
				IPHONEOS_DEPLOYMENT_TARGET = 26.5;
				LOCALIZATION_PREFERS_STRING_CATALOGS = YES;
				MTL_ENABLE_DEBUG_INFO = INCLUDE_SOURCE;
				MTL_FAST_MATH = YES;
				ONLY_ACTIVE_ARCH = YES;
				SDKROOT = iphoneos;
				SWIFT_ACTIVE_COMPILATION_CONDITIONS = "DEBUG $(inherited)";
				SWIFT_OPTIMIZATION_LEVEL = "-Onone";
			};
			name = Debug;
		};
		11BA33D82FE562B300B94C1F /* Release */ = {
			isa = XCBuildConfiguration;
			buildSettings = {
				ALWAYS_SEARCH_USER_PATHS = NO;
				ASSETCATALOG_COMPILER_GENERATE_SWIFT_ASSET_SYMBOL_EXTENSIONS = YES;
				CLANG_ANALYZER_NONNULL = YES;
				CLANG_ANALYZER_NUMBER_OBJECT_CONVERSION = YES_AGGRESSIVE;
				CLANG_CXX_LANGUAGE_STANDARD = "gnu++20";
				CLANG_ENABLE_MODULES = YES;
				CLANG_ENABLE_OBJC_ARC = YES;
				CLANG_ENABLE_OBJC_WEAK = YES;
				CLANG_WARN_BLOCK_CAPTURE_AUTORELEASING = YES;
				CLANG_WARN_BOOL_CONVERSION = YES;
				CLANG_WARN_COMMA = YES;
				CLANG_WARN_CONSTANT_CONVERSION = YES;
				CLANG_WARN_DEPRECATED_OBJC_IMPLEMENTATIONS = YES;
				CLANG_WARN_DIRECT_OBJC_ISA_USAGE = YES_ERROR;
				CLANG_WARN_DOCUMENTATION_COMMENTS = YES;
				CLANG_WARN_EMPTY_BODY = YES;
				CLANG_WARN_ENUM_CONVERSION = YES;
				CLANG_WARN_INFINITE_RECURSION = YES;
				CLANG_WARN_INT_CONVERSION = YES;
				CLANG_WARN_NON_LITERAL_NULL_CONVERSION = YES;
				CLANG_WARN_OBJC_IMPLICIT_RETAIN_SELF = YES;
				CLANG_WARN_OBJC_LITERAL_CONVERSION = YES;
				CLANG_WARN_OBJC_ROOT_CLASS = YES_ERROR;
				CLANG_WARN_QUOTED_INCLUDE_IN_FRAMEWORK_HEADER = YES;
				CLANG_WARN_RANGE_LOOP_ANALYSIS = YES;
				CLANG_WARN_STRICT_PROTOTYPES = YES;
				CLANG_WARN_SUSPICIOUS_MOVE = YES;
				CLANG_WARN_UNGUARDED_AVAILABILITY = YES_AGGRESSIVE;
				CLANG_WARN_UNREACHABLE_CODE = YES;
				CLANG_WARN__DUPLICATE_METHOD_MATCH = YES;
				COPY_PHASE_STRIP = NO;
				DEBUG_INFORMATION_FORMAT = "dwarf-with-dsym";
				ENABLE_NS_ASSERTIONS = NO;
				ENABLE_STRICT_OBJC_MSGSEND = YES;
				ENABLE_USER_SCRIPT_SANDBOXING = NO;
				GCC_C_LANGUAGE_STANDARD = gnu17;
				GCC_NO_COMMON_BLOCKS = YES;
				GCC_WARN_64_TO_32_BIT_CONVERSION = YES;
				GCC_WARN_ABOUT_RETURN_TYPE = YES_ERROR;
				GCC_WARN_UNDECLARED_SELECTOR = YES;
				GCC_WARN_UNINITIALIZED_AUTOS = YES_AGGRESSIVE;
				GCC_WARN_UNUSED_FUNCTION = YES;
				GCC_WARN_UNUSED_VARIABLE = YES;
				IPHONEOS_DEPLOYMENT_TARGET = 26.5;
				LOCALIZATION_PREFERS_STRING_CATALOGS = YES;
				MTL_ENABLE_DEBUG_INFO = NO;
				MTL_FAST_MATH = YES;
				SDKROOT = iphoneos;
				SWIFT_COMPILATION_MODE = wholemodule;
				VALIDATE_PRODUCT = YES;
			};
			name = Release;
		};
		11BA33DA2FE562B300B94C1F /* Debug */ = {
			isa = XCBuildConfiguration;
			baseConfigurationReference = A578D828A23A73053836AE5F /* Pods-ElearnerAppTests.debug.xcconfig */;
			buildSettings = {
				BUNDLE_LOADER = "$(TEST_HOST)";
				CODE_SIGN_STYLE = Automatic;
				CURRENT_PROJECT_VERSION = 1;
				GENERATE_INFOPLIST_FILE = YES;
				IPHONEOS_DEPLOYMENT_TARGET = 26.5;
				MARKETING_VERSION = 1.0;
				PRODUCT_BUNDLE_IDENTIFIER = com.razorpay.demo.ElearnerAppTests;
				PRODUCT_NAME = "$(TARGET_NAME)";
				STRING_CATALOG_GENERATE_SYMBOLS = NO;
				SWIFT_APPROACHABLE_CONCURRENCY = YES;
				SWIFT_EMIT_LOC_STRINGS = NO;
				SWIFT_UPCOMING_FEATURE_MEMBER_IMPORT_VISIBILITY = YES;
				SWIFT_VERSION = 5.0;
				TARGETED_DEVICE_FAMILY = "1,2";
				TEST_HOST = "$(BUILT_PRODUCTS_DIR)/ElearnerApp.app/$(BUNDLE_EXECUTABLE_FOLDER_PATH)/ElearnerApp";
			};
			name = Debug;
		};
		11BA33DB2FE562B300B94C1F /* Release */ = {
			isa = XCBuildConfiguration;
			baseConfigurationReference = 1A2F89B752B1DDCF908EA9E5 /* Pods-ElearnerAppTests.release.xcconfig */;
			buildSettings = {
				BUNDLE_LOADER = "$(TEST_HOST)";
				CODE_SIGN_STYLE = Automatic;
				CURRENT_PROJECT_VERSION = 1;
				GENERATE_INFOPLIST_FILE = YES;
				IPHONEOS_DEPLOYMENT_TARGET = 26.5;
				MARKETING_VERSION = 1.0;
				PRODUCT_BUNDLE_IDENTIFIER = com.razorpay.demo.ElearnerAppTests;
				PRODUCT_NAME = "$(TARGET_NAME)";
				STRING_CATALOG_GENERATE_SYMBOLS = NO;
				SWIFT_APPROACHABLE_CONCURRENCY = YES;
				SWIFT_EMIT_LOC_STRINGS = NO;
				SWIFT_UPCOMING_FEATURE_MEMBER_IMPORT_VISIBILITY = YES;
				SWIFT_VERSION = 5.0;
				TARGETED_DEVICE_FAMILY = "1,2";
				TEST_HOST = "$(BUILT_PRODUCTS_DIR)/ElearnerApp.app/$(BUNDLE_EXECUTABLE_FOLDER_PATH)/ElearnerApp";
			};
			name = Release;
		};
		11BA33DD2FE562B300B94C1F /* Debug */ = {
			isa = XCBuildConfiguration;
			baseConfigurationReference = B64B703DBFE0E90CAB7D9B51 /* Pods-ElearnerApp-ElearnerAppUITests.debug.xcconfig */;
			buildSettings = {
				CODE_SIGN_STYLE = Automatic;
				CURRENT_PROJECT_VERSION = 1;
				GENERATE_INFOPLIST_FILE = YES;
				MARKETING_VERSION = 1.0;
				PRODUCT_BUNDLE_IDENTIFIER = com.razorpay.demo.ElearnerAppUITests;
				PRODUCT_NAME = "$(TARGET_NAME)";
				STRING_CATALOG_GENERATE_SYMBOLS = NO;
				SWIFT_APPROACHABLE_CONCURRENCY = YES;
				SWIFT_EMIT_LOC_STRINGS = NO;
				SWIFT_UPCOMING_FEATURE_MEMBER_IMPORT_VISIBILITY = YES;
				SWIFT_VERSION = 5.0;
				TARGETED_DEVICE_FAMILY = "1,2";
				TEST_TARGET_NAME = ElearnerApp;
			};
			name = Debug;
		};
		11BA33DE2FE562B300B94C1F /* Release */ = {
			isa = XCBuildConfiguration;
			baseConfigurationReference = 43321A291CDA50F65866EE1E /* Pods-ElearnerApp-ElearnerAppUITests.release.xcconfig */;
			buildSettings = {
				CODE_SIGN_STYLE = Automatic;
				CURRENT_PROJECT_VERSION = 1;
				GENERATE_INFOPLIST_FILE = YES;
				MARKETING_VERSION = 1.0;
				PRODUCT_BUNDLE_IDENTIFIER = com.razorpay.demo.ElearnerAppUITests;
				PRODUCT_NAME = "$(TARGET_NAME)";
				STRING_CATALOG_GENERATE_SYMBOLS = NO;
				SWIFT_APPROACHABLE_CONCURRENCY = YES;
				SWIFT_EMIT_LOC_STRINGS = NO;
				SWIFT_UPCOMING_FEATURE_MEMBER_IMPORT_VISIBILITY = YES;
				SWIFT_VERSION = 5.0;
				TARGETED_DEVICE_FAMILY = "1,2";
				TEST_TARGET_NAME = ElearnerApp;
			};
			name = Release;
		};
/* End XCBuildConfiguration section */

/* Begin XCConfigurationList section */
		11BA33A62FE562B000B94C1F /* Build configuration list for PBXProject "ElearnerApp" */ = {
			isa = XCConfigurationList;
			buildConfigurations = (
				11BA33D72FE562B300B94C1F /* Debug */,
				11BA33D82FE562B300B94C1F /* Release */,
			);
			defaultConfigurationIsVisible = 0;
			defaultConfigurationName = Release;
		};
		11BA33D42FE562B300B94C1F /* Build configuration list for PBXNativeTarget "ElearnerApp" */ = {
			isa = XCConfigurationList;
			buildConfigurations = (
				11BA33D52FE562B300B94C1F /* Debug */,
				11BA33D62FE562B300B94C1F /* Release */,
			);
			defaultConfigurationIsVisible = 0;
			defaultConfigurationName = Release;
		};
		11BA33D92FE562B300B94C1F /* Build configuration list for PBXNativeTarget "ElearnerAppTests" */ = {
			isa = XCConfigurationList;
			buildConfigurations = (
				11BA33DA2FE562B300B94C1F /* Debug */,
				11BA33DB2FE562B300B94C1F /* Release */,
			);
			defaultConfigurationIsVisible = 0;
			defaultConfigurationName = Release;
		};
		11BA33DC2FE562B300B94C1F /* Build configuration list for PBXNativeTarget "ElearnerAppUITests" */ = {
			isa = XCConfigurationList;
			buildConfigurations = (
				11BA33DD2FE562B300B94C1F /* Debug */,
				11BA33DE2FE562B300B94C1F /* Release */,
			);
			defaultConfigurationIsVisible = 0;
			defaultConfigurationName = Release;
		};
/* End XCConfigurationList section */
	};
	rootObject = 11BA33A32FE562B000B94C1F /* Project object */;
}
